{
  "requires": true,
  "lockfileVersion": 1,
  "dependencies": {
    "@types/aws-lambda": {
      "version": "8.10.64",
      "resolved": "https://registry.npmjs.org/@types/aws-lambda/-/aws-lambda-8.10.64.tgz",
      "integrity": "sha512-LRKk2UQCSi7BsO5TlfSI8cTNpOGz+MH6+RXEWtuZmxJficQgxwEYJDiKVirzgyiHce0L0F4CqCVvKTwblAeOUw==",
      "optional": true
    },
    "serverless-http": {
      "version": "2.6.0",
      "resolved": "https://registry.npmjs.org/serverless-http/-/serverless-http-2.6.0.tgz",
      "integrity": "sha512-2mBz+MO+JXgC8PDHIZi/Ytsa65v78fc+7cFeXqcYM5laGQS/GEX9Cq+72WOaIGqPJia5JLADqjhdTBI5/iLcHQ==",
      "requires": {
        "@types/aws-lambda": "^8.10.56"
      }
    }
  }
}
